
Microsoft Visual Studio Solution File, Format Version 12.00
# Visual Studio Version 17
VisualStudioVersion = 17.0.31912.275
MinimumVisualStudioVersion = 10.0.40219.1
Project("{FAE04EC0-301F-11D3-BF4B-00C04F79EFBC}") = "WindowServices", "WindowServices\WindowServices.csproj", "{795357F0-CCB6-468E-AF8F-1687F29E148B}"
EndProject
Global
	GlobalSection(SolutionConfigurationPlatforms) = preSolution
		Debug|Any CPU = Debug|Any CPU
		Release|Any CPU = Release|Any CPU
	EndGlobalSection
	GlobalSection(ProjectConfigurationPlatforms) = postSolution
		{795357F0-CCB6-468E-AF8F-1687F29E148B}.Debug|Any CPU.ActiveCfg = Debug|Any CPU
		{795357F0-CCB6-468E-AF8F-1687F29E148B}.Debug|Any CPU.Build.0 = Debug|Any CPU
		{795357F0-CCB6-468E-AF8F-1687F29E148B}.Release|Any CPU.ActiveCfg = Release|Any CPU
		{795357F0-CCB6-468E-AF8F-1687F29E148B}.Release|Any CPU.Build.0 = Release|Any CPU
	EndGlobalSection
	GlobalSection(SolutionProperties) = preSolution
		HideSolutionNode = FALSE
	EndGlobalSection
	GlobalSection(ExtensibilityGlobals) = postSolution
		SolutionGuid = {12076D86-E600-4C13-8A12-38019157145A}
	EndGlobalSection
EndGlobal
